# This file is generated by running "yarn install" inside your project.
# Manual changes might be lost - proceed with caution!

__metadata:
  version: 5
  cacheKey: 8

"learn-n-earn@workspace:.":
  version: 0.0.0-use.local
  resolution: "learn-n-earn@workspace:."
  dependencies:
    uikit: ^3.9.4
  languageName: unknown
  linkType: soft

"uikit@npm:^3.9.4":
  version: 3.9.4
  resolution: "uikit@npm:3.9.4"
  checksum: e74b65634ef926898e94f605a330d94c93727da3bddddbb976e97bddb31cbf7a4831b950de073beff9d2824ee3aaa75c0ebf5732fc59763f842373747e027281
  languageName: node
  linkType: hard
