# THIS IS AN AUTOGENERATED FILE. DO NOT EDIT THIS FILE DIRECTLY.
# yarn lockfile v1


"uikit@^3.9.4":
  "integrity" "sha512-mrOr/k3a/6/VBXgnqmQFg0l2ipZyoTpULZZgJ0RVHZz97HNrc28KQsb24pl8wxtw+BGpD39nfMhSmOznyOZuHw=="
  "resolved" "https://registry.npmjs.org/uikit/-/uikit-3.9.4.tgz"
  "version" "3.9.4"
